
Microsoft Visual Studio Solution File, Format Version 12.00
# Visual Studio Version 16
VisualStudioVersion = 16.0.31605.320
MinimumVisualStudioVersion = 10.0.40219.1
Project("{FAE04EC0-301F-11D3-BF4B-00C04F79EFBC}") = "WeatherAPI", "WeatherAPI\WeatherAPI.csproj", "{3769421B-035F-4C59-A087-B9217A133763}"
EndProject
Project("{FAE04EC0-301F-11D3-BF4B-00C04F79EFBC}") = "WeatherAPI.Messages", "WeatherAPI.Messages\WeatherAPI.Messages.csproj", "{2BB4520D-83D5-4159-AFE3-090662949339}"
EndProject
Project("{FAE04EC0-301F-11D3-BF4B-00C04F79EFBC}") = "WeatherAPI.Business", "WeatherAPI.Business\WeatherAPI.Business.csproj", "{FC93DBD7-FA18-40EA-8EA9-055BBFF3AF1F}"
EndProject
Project("{FAE04EC0-301F-11D3-BF4B-00C04F79EFBC}") = "WeatherAPI.Integration", "WeatherAPI.Integration\WeatherAPI.Integration.csproj", "{23A9145C-0735-4342-A358-63F6C69CAE59}"
EndProject
Project("{FAE04EC0-301F-11D3-BF4B-00C04F79EFBC}") = "WeatherAPI.Business.Tests", "WeatherAPI.Business.Tests\WeatherAPI.Business.Tests.csproj", "{3BAE7A8E-ABC1-47B6-A3E6-A566CF0A939E}"
EndProject
Global
	GlobalSection(SolutionConfigurationPlatforms) = preSolution
		Debug|Any CPU = Debug|Any CPU
		Release|Any CPU = Release|Any CPU
	EndGlobalSection
	GlobalSection(ProjectConfigurationPlatforms) = postSolution
		{3769421B-035F-4C59-A087-B9217A133763}.Debug|Any CPU.ActiveCfg = Debug|Any CPU
		{3769421B-035F-4C59-A087-B9217A133763}.Debug|Any CPU.Build.0 = Debug|Any CPU
		{3769421B-035F-4C59-A087-B9217A133763}.Release|Any CPU.ActiveCfg = Release|Any CPU
		{3769421B-035F-4C59-A087-B9217A133763}.Release|Any CPU.Build.0 = Release|Any CPU
		{2BB4520D-83D5-4159-AFE3-090662949339}.Debug|Any CPU.ActiveCfg = Debug|Any CPU
		{2BB4520D-83D5-4159-AFE3-090662949339}.Debug|Any CPU.Build.0 = Debug|Any CPU
		{2BB4520D-83D5-4159-AFE3-090662949339}.Release|Any CPU.ActiveCfg = Release|Any CPU
		{2BB4520D-83D5-4159-AFE3-090662949339}.Release|Any CPU.Build.0 = Release|Any CPU
		{FC93DBD7-FA18-40EA-8EA9-055BBFF3AF1F}.Debug|Any CPU.ActiveCfg = Debug|Any CPU
		{FC93DBD7-FA18-40EA-8EA9-055BBFF3AF1F}.Debug|Any CPU.Build.0 = Debug|Any CPU
		{FC93DBD7-FA18-40EA-8EA9-055BBFF3AF1F}.Release|Any CPU.ActiveCfg = Release|Any CPU
		{FC93DBD7-FA18-40EA-8EA9-055BBFF3AF1F}.Release|Any CPU.Build.0 = Release|Any CPU
		{23A9145C-0735-4342-A358-63F6C69CAE59}.Debug|Any CPU.ActiveCfg = Debug|Any CPU
		{23A9145C-0735-4342-A358-63F6C69CAE59}.Debug|Any CPU.Build.0 = Debug|Any CPU
		{23A9145C-0735-4342-A358-63F6C69CAE59}.Release|Any CPU.ActiveCfg = Release|Any CPU
		{23A9145C-0735-4342-A358-63F6C69CAE59}.Release|Any CPU.Build.0 = Release|Any CPU
		{3BAE7A8E-ABC1-47B6-A3E6-A566CF0A939E}.Debug|Any CPU.ActiveCfg = Debug|Any CPU
		{3BAE7A8E-ABC1-47B6-A3E6-A566CF0A939E}.Debug|Any CPU.Build.0 = Debug|Any CPU
		{3BAE7A8E-ABC1-47B6-A3E6-A566CF0A939E}.Release|Any CPU.ActiveCfg = Release|Any CPU
		{3BAE7A8E-ABC1-47B6-A3E6-A566CF0A939E}.Release|Any CPU.Build.0 = Release|Any CPU
	EndGlobalSection
	GlobalSection(SolutionProperties) = preSolution
		HideSolutionNode = FALSE
	EndGlobalSection
	GlobalSection(ExtensibilityGlobals) = postSolution
		SolutionGuid = {01241B00-BDEA-48E4-87BD-39E1F5FE5AC3}
	EndGlobalSection
EndGlobal
